
Microsoft Visual Studio Solution File, Format Version 12.00
# Visual Studio Version 17
VisualStudioVersion = 17.4.33122.133
MinimumVisualStudioVersion = 10.0.40219.1
Project("{FAE04EC0-301F-11D3-BF4B-00C04F79EFBC}") = "NuevosRegistrosService", "NuevosRegistrosService\NuevosRegistrosService.csproj", "{4A473C91-D075-405E-8CF5-43DB62B6B1F2}"
EndProject
Global
	GlobalSection(SolutionConfigurationPlatforms) = preSolution
		Debug|Any CPU = Debug|Any CPU
		Release|Any CPU = Release|Any CPU
	EndGlobalSection
	GlobalSection(ProjectConfigurationPlatforms) = postSolution
		{4A473C91-D075-405E-8CF5-43DB62B6B1F2}.Debug|Any CPU.ActiveCfg = Debug|Any CPU
		{4A473C91-D075-405E-8CF5-43DB62B6B1F2}.Debug|Any CPU.Build.0 = Debug|Any CPU
		{4A473C91-D075-405E-8CF5-43DB62B6B1F2}.Release|Any CPU.ActiveCfg = Release|Any CPU
		{4A473C91-D075-405E-8CF5-43DB62B6B1F2}.Release|Any CPU.Build.0 = Release|Any CPU
	EndGlobalSection
	GlobalSection(SolutionProperties) = preSolution
		HideSolutionNode = FALSE
	EndGlobalSection
	GlobalSection(ExtensibilityGlobals) = postSolution
		SolutionGuid = {EA3F5DE8-7C9E-45D7-926B-95C22091E9A7}
	EndGlobalSection
EndGlobal
